
Microsoft Visual Studio Solution File, Format Version 12.00
# Visual Studio Version 17
VisualStudioVersion = 17.14.36408.4 d17.14
MinimumVisualStudioVersion = 10.0.40219.1
Project("{FAE04EC0-301F-11D3-BF4B-00C04F79EFBC}") = "ADODOTNET Just INSERT", "ADODOTNET Just INSERT.csproj", "{83C49287-418A-4311-99FE-3C0D36C501BD}"
EndProject
Global
	GlobalSection(SolutionConfigurationPlatforms) = preSolution
		Debug|Any CPU = Debug|Any CPU
		Release|Any CPU = Release|Any CPU
	EndGlobalSection
	GlobalSection(ProjectConfigurationPlatforms) = postSolution
		{83C49287-418A-4311-99FE-3C0D36C501BD}.Debug|Any CPU.ActiveCfg = Debug|Any CPU
		{83C49287-418A-4311-99FE-3C0D36C501BD}.Debug|Any CPU.Build.0 = Debug|Any CPU
		{83C49287-418A-4311-99FE-3C0D36C501BD}.Release|Any CPU.ActiveCfg = Release|Any CPU
		{83C49287-418A-4311-99FE-3C0D36C501BD}.Release|Any CPU.Build.0 = Release|Any CPU
	EndGlobalSection
	GlobalSection(SolutionProperties) = preSolution
		HideSolutionNode = FALSE
	EndGlobalSection
	GlobalSection(ExtensibilityGlobals) = postSolution
		SolutionGuid = {FC7371CF-7917-407B-94BF-C3030D4A74B5}
	EndGlobalSection
EndGlobal
